
Microsoft Visual Studio Solution File, Format Version 12.00
# Visual Studio Version 16
VisualStudioVersion = 16.0.30011.22
MinimumVisualStudioVersion = 10.0.40219.1
Project("{FAE04EC0-301F-11D3-BF4B-00C04F79EFBC}") = "ServerTCP", "ChatRoom\ServerTCP.csproj", "{24B68F04-535E-4DBD-98B4-297EA779126A}"
EndProject
Project("{FAE04EC0-301F-11D3-BF4B-00C04F79EFBC}") = "ClientTCP", "ClientTCP\ClientTCP.csproj", "{25327505-2F4A-4984-913C-1A64F38AFC23}"
EndProject
Global
	GlobalSection(SolutionConfigurationPlatforms) = preSolution
		Debug|Any CPU = Debug|Any CPU
		Release|Any CPU = Release|Any CPU
	EndGlobalSection
	GlobalSection(ProjectConfigurationPlatforms) = postSolution
		{24B68F04-535E-4DBD-98B4-297EA779126A}.Debug|Any CPU.ActiveCfg = Debug|Any CPU
		{24B68F04-535E-4DBD-98B4-297EA779126A}.Debug|Any CPU.Build.0 = Debug|Any CPU
		{24B68F04-535E-4DBD-98B4-297EA779126A}.Release|Any CPU.ActiveCfg = Release|Any CPU
		{24B68F04-535E-4DBD-98B4-297EA779126A}.Release|Any CPU.Build.0 = Release|Any CPU
		{25327505-2F4A-4984-913C-1A64F38AFC23}.Debug|Any CPU.ActiveCfg = Debug|Any CPU
		{25327505-2F4A-4984-913C-1A64F38AFC23}.Debug|Any CPU.Build.0 = Debug|Any CPU
		{25327505-2F4A-4984-913C-1A64F38AFC23}.Release|Any CPU.ActiveCfg = Release|Any CPU
		{25327505-2F4A-4984-913C-1A64F38AFC23}.Release|Any CPU.Build.0 = Release|Any CPU
	EndGlobalSection
	GlobalSection(SolutionProperties) = preSolution
		HideSolutionNode = FALSE
	EndGlobalSection
	GlobalSection(ExtensibilityGlobals) = postSolution
		SolutionGuid = {10895800-50C3-45C2-8B22-257F2CF62D30}
	EndGlobalSection
EndGlobal
